PODS:
  - boost (1.76.0)
  - DoubleConversion (1.1.6)
  - EXAppleAuthentication (4.2.1):
    - ExpoModulesCore
  - EXApplication (4.1.0):
    - ExpoModulesCore
  - EXConstants (13.1.1):
    - ExpoModulesCore
  - EXErrorRecovery (3.1.0):
    - ExpoModulesCore
  - EXFileSystem (14.0.0):
    - ExpoModulesCore
  - EXFont (10.1.0):
    - ExpoModulesCore
  - EXMailComposer (11.2.0):
    - ExpoModulesCore
  - Expo (45.0.8):
    - ExpoModulesCore
  - ExpoKeepAwake (10.1.1):
    - ExpoModulesCore
  - ExpoModulesCore (0.9.2):
    - React-Core
    - ReactCommon/turbomodule/core
  - ExpoWebBrowser (10.2.1):
    - ExpoModulesCore
  - EXScreenOrientation (4.2.0):
    - ExpoModulesCore
    - React-Core
  - EXSQLite (10.2.0):
    - ExpoModulesCore
  - FBLazyVector (0.68.7)
  - FBReactNativeSpec (0.68.7):
    - RCT-Folly (= 2021.06.28.00-v2)
    - RCTRequired (= 0.68.7)
    - RCTTypeSafety (= 0.68.7)
    - React-Core (= 0.68.7)
    - React-jsi (= 0.68.7)
    - ReactCommon/turbomodule/core (= 0.68.7)
  - fmt (6.2.1)
  - glog (0.3.5)
  - RCT-Folly (2021.06.28.00-v2):
    - boost
    - DoubleConversion
    - fmt (~> 6.2.1)
    - glog
    - RCT-Folly/Default (= 2021.06.28.00-v2)
  - RCT-Folly/Default (2021.06.28.00-v2):
    - boost
    - DoubleConversion
    - fmt (~> 6.2.1)
    - glog
  - RCTRequired (0.68.7)
  - RCTTypeSafety (0.68.7):
    - FBLazyVector (= 0.68.7)
    - RCT-Folly (= 2021.06.28.00-v2)
    - RCTRequired (= 0.68.7)
    - React-Core (= 0.68.7)
  - React (0.68.7):
    - React-Core (= 0.68.7)
    - React-Core/DevSupport (= 0.68.7)
    - React-Core/RCTWebSocket (= 0.68.7)
    - React-RCTActionSheet (= 0.68.7)
    - React-RCTAnimation (= 0.68.7)
    - React-RCTBlob (= 0.68.7)
    - React-RCTImage (= 0.68.7)
    - React-RCTLinking (= 0.68.7)
    - React-RCTNetwork (= 0.68.7)
    - React-RCTSettings (= 0.68.7)
    - React-RCTText (= 0.68.7)
    - React-RCTVibration (= 0.68.7)
  - React-callinvoker (0.68.7)
  - React-Codegen (0.68.7):
    - FBReactNativeSpec (= 0.68.7)
    - RCT-Folly (= 2021.06.28.00-v2)
    - RCTRequired (= 0.68.7)
    - RCTTypeSafety (= 0.68.7)
    - React-Core (= 0.68.7)
    - React-jsi (= 0.68.7)
    - React-jsiexecutor (= 0.68.7)
    - ReactCommon/turbomodule/core (= 0.68.7)
  - React-Core (0.68.7):
    - glog
    - RCT-Folly (= 2021.06.28.00-v2)
    - React-Core/Default (= 0.68.7)
    - React-cxxreact (= 0.68.7)
    - React-jsi (= 0.68.7)
    - React-jsiexecutor (= 0.68.7)
    - React-perflogger (= 0.68.7)
    - Yoga
  - React-Core/CoreModulesHeaders (0.68.7):
    - glog
    - RCT-Folly (= 2021.06.28.00-v2)
    - React-Core/Default
    - React-cxxreact (= 0.68.7)
    - React-jsi (= 0.68.7)
    - React-jsiexecutor (= 0.68.7)
    - React-perflogger (= 0.68.7)
    - Yoga
  - React-Core/Default (0.68.7):
    - glog
    - RCT-Folly (= 2021.06.28.00-v2)
    - React-cxxreact (= 0.68.7)
    - React-jsi (= 0.68.7)
    - React-jsiexecutor (= 0.68.7)
    - React-perflogger (= 0.68.7)
    - Yoga
  - React-Core/DevSupport (0.68.7):
    - glog
    - RCT-Folly (= 2021.06.28.00-v2)
    - React-Core/Default (= 0.68.7)
    - React-Core/RCTWebSocket (= 0.68.7)
    - React-cxxreact (= 0.68.7)
    - React-jsi (= 0.68.7)
    - React-jsiexecutor (= 0.68.7)
    - React-jsinspector (= 0.68.7)
    - React-perflogger (= 0.68.7)
    - Yoga
  - React-Core/RCTActionSheetHeaders (0.68.7):
    - glog
    - RCT-Folly (= 2021.06.28.00-v2)
    - React-Core/Default
    - React-cxxreact (= 0.68.7)
    - React-jsi (= 0.68.7)
    - React-jsiexecutor (= 0.68.7)
    - React-perflogger (= 0.68.7)
    - Yoga
  - React-Core/RCTAnimationHeaders (0.68.7):
    - glog
    - RCT-Folly (= 2021.06.28.00-v2)
    - React-Core/Default
    - React-cxxreact (= 0.68.7)
    - React-jsi (= 0.68.7)
    - React-jsiexecutor (= 0.68.7)
    - React-perflogger (= 0.68.7)
    - Yoga
  - React-Core/RCTBlobHeaders (0.68.7):
    - glog
    - RCT-Folly (= 2021.06.28.00-v2)
    - React-Core/Default
    - React-cxxreact (= 0.68.7)
    - React-jsi (= 0.68.7)
    - React-jsiexecutor (= 0.68.7)
    - React-perflogger (= 0.68.7)
    - Yoga
  - React-Core/RCTImageHeaders (0.68.7):
    - glog
    - RCT-Folly (= 2021.06.28.00-v2)
    - React-Core/Default
    - React-cxxreact (= 0.68.7)
    - React-jsi (= 0.68.7)
    - React-jsiexecutor (= 0.68.7)
    - React-perflogger (= 0.68.7)
    - Yoga
  - React-Core/RCTLinkingHeaders (0.68.7):
    - glog
    - RCT-Folly (= 2021.06.28.00-v2)
    - React-Core/Default
    - React-cxxreact (= 0.68.7)
    - React-jsi (= 0.68.7)
    - React-jsiexecutor (= 0.68.7)
    - React-perflogger (= 0.68.7)
    - Yoga
  - React-Core/RCTNetworkHeaders (0.68.7):
    - glog
    - RCT-Folly (= 2021.06.28.00-v2)
    - React-Core/Default
    - React-cxxreact (= 0.68.7)
    - React-jsi (= 0.68.7)
    - React-jsiexecutor (= 0.68.7)
    - React-perflogger (= 0.68.7)
    - Yoga
  - React-Core/RCTSettingsHeaders (0.68.7):
    - glog
    - RCT-Folly (= 2021.06.28.00-v2)
    - React-Core/Default
    - React-cxxreact (= 0.68.7)
    - React-jsi (= 0.68.7)
    - React-jsiexecutor (= 0.68.7)
    - React-perflogger (= 0.68.7)
    - Yoga
  - React-Core/RCTTextHeaders (0.68.7):
    - glog
    - RCT-Folly (= 2021.06.28.00-v2)
    - React-Core/Default
    - React-cxxreact (= 0.68.7)
    - React-jsi (= 0.68.7)
    - React-jsiexecutor (= 0.68.7)
    - React-perflogger (= 0.68.7)
    - Yoga
  - React-Core/RCTVibrationHeaders (0.68.7):
    - glog
    - RCT-Folly (= 2021.06.28.00-v2)
    - React-Core/Default
    - React-cxxreact (= 0.68.7)
    - React-jsi (= 0.68.7)
    - React-jsiexecutor (= 0.68.7)
    - React-perflogger (= 0.68.7)
    - Yoga
  - React-Core/RCTWebSocket (0.68.7):
    - glog
    - RCT-Folly (= 2021.06.28.00-v2)
    - React-Core/Default (= 0.68.7)
    - React-cxxreact (= 0.68.7)
    - React-jsi (= 0.68.7)
    - React-jsiexecutor (= 0.68.7)
    - React-perflogger (= 0.68.7)
    - Yoga
  - React-CoreModules (0.68.7):
    - RCT-Folly (= 2021.06.28.00-v2)
    - RCTTypeSafety (= 0.68.7)
    - React-Codegen (= 0.68.7)
    - React-Core/CoreModulesHeaders (= 0.68.7)
    - React-jsi (= 0.68.7)
    - React-RCTImage (= 0.68.7)
    - ReactCommon/turbomodule/core (= 0.68.7)
  - React-cxxreact (0.68.7):
    - boost (= 1.76.0)
    - DoubleConversion
    - glog
    - RCT-Folly (= 2021.06.28.00-v2)
    - React-callinvoker (= 0.68.7)
    - React-jsi (= 0.68.7)
    - React-jsinspector (= 0.68.7)
    - React-logger (= 0.68.7)
    - React-perflogger (= 0.68.7)
    - React-runtimeexecutor (= 0.68.7)
  - React-jsi (0.68.7):
    - boost (= 1.76.0)
    - DoubleConversion
    - glog
    - RCT-Folly (= 2021.06.28.00-v2)
    - React-jsi/Default (= 0.68.7)
  - React-jsi/Default (0.68.7):
    - boost (= 1.76.0)
    - DoubleConversion
    - glog
    - RCT-Folly (= 2021.06.28.00-v2)
  - React-jsiexecutor (0.68.7):
    - DoubleConversion
    - glog
    - RCT-Folly (= 2021.06.28.00-v2)
    - React-cxxreact (= 0.68.7)
    - React-jsi (= 0.68.7)
    - React-perflogger (= 0.68.7)
  - React-jsinspector (0.68.7)
  - React-logger (0.68.7):
    - glog
  - react-native-cameraroll (5.2.4):
    - React-Core
  - react-native-document-picker (8.2.2):
    - React-Core
  - react-native-image-picker (5.7.0):
    - React-Core
  - react-native-netinfo (6.0.0):
    - React-Core
  - react-native-photo-view (1.5.3):
    - React-Core
  - react-native-safe-area-context (4.9.0):
    - React-Core
  - react-native-simple-toast (1.1.4):
    - React-Core
    - Toast (~> 4.0.0)
  - react-native-webview (11.26.1):
    - React-Core
  - React-perflogger (0.68.7)
  - React-RCTActionSheet (0.68.7):
    - React-Core/RCTActionSheetHeaders (= 0.68.7)
  - React-RCTAnimation (0.68.7):
    - RCT-Folly (= 2021.06.28.00-v2)
    - RCTTypeSafety (= 0.68.7)
    - React-Codegen (= 0.68.7)
    - React-Core/RCTAnimationHeaders (= 0.68.7)
    - React-jsi (= 0.68.7)
    - ReactCommon/turbomodule/core (= 0.68.7)
  - React-RCTBlob (0.68.7):
    - RCT-Folly (= 2021.06.28.00-v2)
    - React-Codegen (= 0.68.7)
    - React-Core/RCTBlobHeaders (= 0.68.7)
    - React-Core/RCTWebSocket (= 0.68.7)
    - React-jsi (= 0.68.7)
    - React-RCTNetwork (= 0.68.7)
    - ReactCommon/turbomodule/core (= 0.68.7)
  - React-RCTImage (0.68.7):
    - RCT-Folly (= 2021.06.28.00-v2)
    - RCTTypeSafety (= 0.68.7)
    - React-Codegen (= 0.68.7)
    - React-Core/RCTImageHeaders (= 0.68.7)
    - React-jsi (= 0.68.7)
    - React-RCTNetwork (= 0.68.7)
    - ReactCommon/turbomodule/core (= 0.68.7)
  - React-RCTLinking (0.68.7):
    - React-Codegen (= 0.68.7)
    - React-Core/RCTLinkingHeaders (= 0.68.7)
    - React-jsi (= 0.68.7)
    - ReactCommon/turbomodule/core (= 0.68.7)
  - React-RCTNetwork (0.68.7):
    - RCT-Folly (= 2021.06.28.00-v2)
    - RCTTypeSafety (= 0.68.7)
    - React-Codegen (= 0.68.7)
    - React-Core/RCTNetworkHeaders (= 0.68.7)
    - React-jsi (= 0.68.7)
    - ReactCommon/turbomodule/core (= 0.68.7)
  - React-RCTSettings (0.68.7):
    - RCT-Folly (= 2021.06.28.00-v2)
    - RCTTypeSafety (= 0.68.7)
    - React-Codegen (= 0.68.7)
    - React-Core/RCTSettingsHeaders (= 0.68.7)
    - React-jsi (= 0.68.7)
    - ReactCommon/turbomodule/core (= 0.68.7)
  - React-RCTText (0.68.7):
    - React-Core/RCTTextHeaders (= 0.68.7)
  - React-RCTVibration (0.68.7):
    - RCT-Folly (= 2021.06.28.00-v2)
    - React-Codegen (= 0.68.7)
    - React-Core/RCTVibrationHeaders (= 0.68.7)
    - React-jsi (= 0.68.7)
    - ReactCommon/turbomodule/core (= 0.68.7)
  - React-runtimeexecutor (0.68.7):
    - React-jsi (= 0.68.7)
  - ReactCommon/turbomodule/core (0.68.7):
    - DoubleConversion
    - glog
    - RCT-Folly (= 2021.06.28.00-v2)
    - React-callinvoker (= 0.68.7)
    - React-Core (= 0.68.7)
    - React-cxxreact (= 0.68.7)
    - React-jsi (= 0.68.7)
    - React-logger (= 0.68.7)
    - React-perflogger (= 0.68.7)
  - rn-fetch-blob (0.11.2):
    - React-Core
  - RNCAsyncStorage (1.17.12):
    - React-Core
  - RNCClipboard (1.13.2):
    - React-Core
  - RNCMaskedView (0.1.11):
    - React
  - RNCPushNotificationIOS (1.11.0):
    - React-Core
  - RNGestureHandler (2.16.0):
    - React-Core
  - RNReanimated (2.2.4):
    - DoubleConversion
    - FBLazyVector
    - FBReactNativeSpec
    - glog
    - RCT-Folly
    - RCTRequired
    - RCTTypeSafety
    - React
    - React-callinvoker
    - React-Core
    - React-Core/DevSupport
    - React-Core/RCTWebSocket
    - React-CoreModules
    - React-cxxreact
    - React-jsi
    - React-jsiexecutor
    - React-jsinspector
    - React-RCTActionSheet
    - React-RCTAnimation
    - React-RCTBlob
    - React-RCTImage
    - React-RCTLinking
    - React-RCTNetwork
    - React-RCTSettings
    - React-RCTText
    - React-RCTVibration
    - ReactCommon/turbomodule/core
    - Yoga
  - RNScreens (3.29.0):
    - React-Core
    - React-RCTImage
  - RNSentry (5.24.3):
    - React-Core
    - Sentry/HybridSDK (= 8.36.0)
  - RNVectorIcons (9.2.0):
    - React-Core
  - Sentry/HybridSDK (8.36.0)
  - Toast (4.0.0)
  - Yoga (1.14.0)

DEPENDENCIES:
  - boost (from `../node_modules/react-native/third-party-podspecs/boost.podspec`)
  - DoubleConversion (from `../node_modules/react-native/third-party-podspecs/DoubleConversion.podspec`)
  - EXAppleAuthentication (from `../node_modules/expo-apple-authentication/ios`)
  - EXApplication (from `../node_modules/expo-application/ios`)
  - EXConstants (from `../node_modules/expo-constants/ios`)
  - EXErrorRecovery (from `../node_modules/expo-error-recovery/ios`)
  - EXFileSystem (from `../node_modules/expo-file-system/ios`)
  - EXFont (from `../node_modules/expo-font/ios`)
  - EXMailComposer (from `../node_modules/expo-mail-composer/ios`)
  - Expo (from `../node_modules/expo/ios`)
  - ExpoKeepAwake (from `../node_modules/expo-keep-awake/ios`)
  - ExpoModulesCore (from `../node_modules/expo-modules-core/ios`)
  - ExpoWebBrowser (from `../node_modules/expo-web-browser/ios`)
  - EXScreenOrientation (from `../node_modules/expo-screen-orientation/ios`)
  - EXSQLite (from `../node_modules/expo-sqlite/ios`)
  - FBLazyVector (from `../node_modules/react-native/Libraries/FBLazyVector`)
  - FBReactNativeSpec (from `../node_modules/react-native/React/FBReactNativeSpec`)
  - glog (from `../node_modules/react-native/third-party-podspecs/glog.podspec`)
  - RCT-Folly (from `../node_modules/react-native/third-party-podspecs/RCT-Folly.podspec`)
  - RCTRequired (from `../node_modules/react-native/Libraries/RCTRequired`)
  - RCTTypeSafety (from `../node_modules/react-native/Libraries/TypeSafety`)
  - React (from `../node_modules/react-native/`)
  - React-callinvoker (from `../node_modules/react-native/ReactCommon/callinvoker`)
  - React-Codegen (from `build/generated/ios`)
  - React-Core (from `../node_modules/react-native/`)
  - React-Core/DevSupport (from `../node_modules/react-native/`)
  - React-Core/RCTWebSocket (from `../node_modules/react-native/`)
  - React-CoreModules (from `../node_modules/react-native/React/CoreModules`)
  - React-cxxreact (from `../node_modules/react-native/ReactCommon/cxxreact`)
  - React-jsi (from `../node_modules/react-native/ReactCommon/jsi`)
  - React-jsiexecutor (from `../node_modules/react-native/ReactCommon/jsiexecutor`)
  - React-jsinspector (from `../node_modules/react-native/ReactCommon/jsinspector`)
  - React-logger (from `../node_modules/react-native/ReactCommon/logger`)
  - "react-native-cameraroll (from `../node_modules/@react-native-camera-roll/camera-roll`)"
  - react-native-document-picker (from `../node_modules/react-native-document-picker`)
  - react-native-image-picker (from `../node_modules/react-native-image-picker`)
  - "react-native-netinfo (from `../node_modules/@react-native-community/netinfo`)"
  - react-native-photo-view (from `../node_modules/react-native-photo-view`)
  - react-native-safe-area-context (from `../node_modules/react-native-safe-area-context`)
  - react-native-simple-toast (from `../node_modules/react-native-simple-toast`)
  - react-native-webview (from `../node_modules/react-native-webview`)
  - React-perflogger (from `../node_modules/react-native/ReactCommon/reactperflogger`)
  - React-RCTActionSheet (from `../node_modules/react-native/Libraries/ActionSheetIOS`)
  - React-RCTAnimation (from `../node_modules/react-native/Libraries/NativeAnimation`)
  - React-RCTBlob (from `../node_modules/react-native/Libraries/Blob`)
  - React-RCTImage (from `../node_modules/react-native/Libraries/Image`)
  - React-RCTLinking (from `../node_modules/react-native/Libraries/LinkingIOS`)
  - React-RCTNetwork (from `../node_modules/react-native/Libraries/Network`)
  - React-RCTSettings (from `../node_modules/react-native/Libraries/Settings`)
  - React-RCTText (from `../node_modules/react-native/Libraries/Text`)
  - React-RCTVibration (from `../node_modules/react-native/Libraries/Vibration`)
  - React-runtimeexecutor (from `../node_modules/react-native/ReactCommon/runtimeexecutor`)
  - ReactCommon/turbomodule/core (from `../node_modules/react-native/ReactCommon`)
  - rn-fetch-blob (from `../node_modules/rn-fetch-blob`)
  - "RNCAsyncStorage (from `../node_modules/@react-native-async-storage/async-storage`)"
  - "RNCClipboard (from `../node_modules/@react-native-clipboard/clipboard`)"
  - "RNCMaskedView (from `../node_modules/@react-native-community/masked-view`)"
  - "RNCPushNotificationIOS (from `../node_modules/@react-native-community/push-notification-ios`)"
  - RNGestureHandler (from `../node_modules/react-native-gesture-handler`)
  - RNReanimated (from `../node_modules/react-native-reanimated`)
  - RNScreens (from `../node_modules/react-native-screens`)
  - "RNSentry (from `../node_modules/@sentry/react-native`)"
  - RNVectorIcons (from `../node_modules/react-native-vector-icons`)
  - Yoga (from `../node_modules/react-native/ReactCommon/yoga`)

SPEC REPOS:
  trunk:
    - fmt
    - Sentry
    - Toast

EXTERNAL SOURCES:
  boost:
    :podspec: "../node_modules/react-native/third-party-podspecs/boost.podspec"
  DoubleConversion:
    :podspec: "../node_modules/react-native/third-party-podspecs/DoubleConversion.podspec"
  EXAppleAuthentication:
    :path: "../node_modules/expo-apple-authentication/ios"
  EXApplication:
    :path: "../node_modules/expo-application/ios"
  EXConstants:
    :path: "../node_modules/expo-constants/ios"
  EXErrorRecovery:
    :path: "../node_modules/expo-error-recovery/ios"
  EXFileSystem:
    :path: "../node_modules/expo-file-system/ios"
  EXFont:
    :path: "../node_modules/expo-font/ios"
  EXMailComposer:
    :path: "../node_modules/expo-mail-composer/ios"
  Expo:
    :path: "../node_modules/expo/ios"
  ExpoKeepAwake:
    :path: "../node_modules/expo-keep-awake/ios"
  ExpoModulesCore:
    :path: "../node_modules/expo-modules-core/ios"
  ExpoWebBrowser:
    :path: "../node_modules/expo-web-browser/ios"
  EXScreenOrientation:
    :path: "../node_modules/expo-screen-orientation/ios"
  EXSQLite:
    :path: "../node_modules/expo-sqlite/ios"
  FBLazyVector:
    :path: "../node_modules/react-native/Libraries/FBLazyVector"
  FBReactNativeSpec:
    :path: "../node_modules/react-native/React/FBReactNativeSpec"
  glog:
    :podspec: "../node_modules/react-native/third-party-podspecs/glog.podspec"
  RCT-Folly:
    :podspec: "../node_modules/react-native/third-party-podspecs/RCT-Folly.podspec"
  RCTRequired:
    :path: "../node_modules/react-native/Libraries/RCTRequired"
  RCTTypeSafety:
    :path: "../node_modules/react-native/Libraries/TypeSafety"
  React:
    :path: "../node_modules/react-native/"
  React-callinvoker:
    :path: "../node_modules/react-native/ReactCommon/callinvoker"
  React-Codegen:
    :path: build/generated/ios
  React-Core:
    :path: "../node_modules/react-native/"
  React-CoreModules:
    :path: "../node_modules/react-native/React/CoreModules"
  React-cxxreact:
    :path: "../node_modules/react-native/ReactCommon/cxxreact"
  React-jsi:
    :path: "../node_modules/react-native/ReactCommon/jsi"
  React-jsiexecutor:
    :path: "../node_modules/react-native/ReactCommon/jsiexecutor"
  React-jsinspector:
    :path: "../node_modules/react-native/ReactCommon/jsinspector"
  React-logger:
    :path: "../node_modules/react-native/ReactCommon/logger"
  react-native-cameraroll:
    :path: "../node_modules/@react-native-camera-roll/camera-roll"
  react-native-document-picker:
    :path: "../node_modules/react-native-document-picker"
  react-native-image-picker:
    :path: "../node_modules/react-native-image-picker"
  react-native-netinfo:
    :path: "../node_modules/@react-native-community/netinfo"
  react-native-photo-view:
    :path: "../node_modules/react-native-photo-view"
  react-native-safe-area-context:
    :path: "../node_modules/react-native-safe-area-context"
  react-native-simple-toast:
    :path: "../node_modules/react-native-simple-toast"
  react-native-webview:
    :path: "../node_modules/react-native-webview"
  React-perflogger:
    :path: "../node_modules/react-native/ReactCommon/reactperflogger"
  React-RCTActionSheet:
    :path: "../node_modules/react-native/Libraries/ActionSheetIOS"
  React-RCTAnimation:
    :path: "../node_modules/react-native/Libraries/NativeAnimation"
  React-RCTBlob:
    :path: "../node_modules/react-native/Libraries/Blob"
  React-RCTImage:
    :path: "../node_modules/react-native/Libraries/Image"
  React-RCTLinking:
    :path: "../node_modules/react-native/Libraries/LinkingIOS"
  React-RCTNetwork:
    :path: "../node_modules/react-native/Libraries/Network"
  React-RCTSettings:
    :path: "../node_modules/react-native/Libraries/Settings"
  React-RCTText:
    :path: "../node_modules/react-native/Libraries/Text"
  React-RCTVibration:
    :path: "../node_modules/react-native/Libraries/Vibration"
  React-runtimeexecutor:
    :path: "../node_modules/react-native/ReactCommon/runtimeexecutor"
  ReactCommon:
    :path: "../node_modules/react-native/ReactCommon"
  rn-fetch-blob:
    :path: "../node_modules/rn-fetch-blob"
  RNCAsyncStorage:
    :path: "../node_modules/@react-native-async-storage/async-storage"
  RNCClipboard:
    :path: "../node_modules/@react-native-clipboard/clipboard"
  RNCMaskedView:
    :path: "../node_modules/@react-native-community/masked-view"
  RNCPushNotificationIOS:
    :path: "../node_modules/@react-native-community/push-notification-ios"
  RNGestureHandler:
    :path: "../node_modules/react-native-gesture-handler"
  RNReanimated:
    :path: "../node_modules/react-native-reanimated"
  RNScreens:
    :path: "../node_modules/react-native-screens"
  RNSentry:
    :path: "../node_modules/@sentry/react-native"
  RNVectorIcons:
    :path: "../node_modules/react-native-vector-icons"
  Yoga:
    :path: "../node_modules/react-native/ReactCommon/yoga"

SPEC CHECKSUMS:
  boost: 9fa78656d705f55b1220151d997e57e2a3f2cde0
  DoubleConversion: 831926d9b8bf8166fd87886c4abab286c2422662
  EXAppleAuthentication: 59352b3909a983e50c2ffda6a147452aa15f2558
  EXApplication: ba6dcd59e73977a7037ebcc33022eeefd6899354
  EXConstants: 6e718db0665641fc7fa9bb07a8555477b97335e0
  EXErrorRecovery: cfb1a9d1c3deb385d9e2d6f532d85974df5c7fc8
  EXFileSystem: c76c50718c16bd71bcd32696be1cb711b84cdedd
  EXFont: 8d53966926763bb483773b8a24436db3768b92ff
  EXMailComposer: d9f1b8c282ba791852933a65ce72fb3eb3c70470
  Expo: cfdb1724ffa01398bbb9e63a2550752a7ced1823
  ExpoKeepAwake: 23718c29c4125df674da059714399fcd7dea7c26
  ExpoModulesCore: 34d8f763d8493272d379fc873bcbb76abfb86574
  ExpoWebBrowser: de90e710789de4d7f6e4f24b99533083ef1dc290
  EXScreenOrientation: 131bacae8afb27cb57c287727c3b6f2aa91664ad
  EXSQLite: 6e0a4add9037f6e23a930f9d8359145e416f1a02
  FBLazyVector: 63b89dc85804d5817261f56dc4cfb43a9b6d57f5
  FBReactNativeSpec: de66c1e28c6823a30a53b51dd933560edb24ed3f
  fmt: ff9d55029c625d3757ed641535fd4a75fedc7ce9
  glog: 476ee3e89abb49e07f822b48323c51c57124b572
  RCT-Folly: 98c12368076b400dc54d2cedb1a4574deee64356
  RCTRequired: 530916cd48c5f7cf1fc16966ad5ea01638ca4799
  RCTTypeSafety: 5fb4cb3080efd582e5563c3e9a0e459fc51396c5
  React: 097b19fbc7aecb3bd23de54b462d2051d7ca8a38
  React-callinvoker: 4f118545cf884f0d8fce5bcd6e1847147ea9cc05
  React-Codegen: 24e59be16f8ed24b3e49e5ff0738dad91988c760
  React-Core: 39b1d8e1204b99a5f25131d78ee722d6995b8833
  React-CoreModules: 9bb7d5d5530d474cf8514e2dc8274af82a0bcf2f
  React-cxxreact: 89392d0c9e849f80c8561c9622aafe702e9945d8
  React-jsi: 69ddd236ad9c6868fe76362dfa88f729425d3785
  React-jsiexecutor: f7523ab3fa30f259a27e8486d5db54903e7f47c8
  React-jsinspector: cab4d37ebde480f84c79ac89568abbf76b916c3e
  React-logger: f35fe2daafb5dcd77f3f3f1083b770ca196da6e8
  react-native-cameraroll: 613f9b319dd69ef6ac5c95ef3d49cd90756b040b
  react-native-document-picker: a338165804b1a14c8e408448115dc0edfd7b73ca
  react-native-image-picker: b981b88b807605540b2de3245c76e9729f418b37
  react-native-netinfo: 6e6a3ce720fd5f1005b1ef090254186f84c59347
  react-native-photo-view: 2f55676a8cc04cac74ff5c47207e1f2e2e498606
  react-native-safe-area-context: 435f4c13ac75ceed6135382ee77d57d1a5b5b2d6
  react-native-simple-toast: 59d8b58998dac9f063b46d95f9fd7fd7caab6101
  react-native-webview: ec195db71ebf55705d7b46a7da5f1b1746bb7efd
  React-perflogger: 44436b315d757100a53dfb1ab6b77c58cb646d7d
  React-RCTActionSheet: 1888a229684762c40cc96c7ff4716f809655dc09
  React-RCTAnimation: f05da175751867521d14b02ab4d3994a7b96f131
  React-RCTBlob: 792b966e48d599383d7a0753f75e8f2ff71be1ce
  React-RCTImage: 065cf66546f625295efd36bce3a1806a9b93399c
  React-RCTLinking: 8246290c072bd2d1f336792038d7ec4b91f9847a
  React-RCTNetwork: 6b2331c74684fae61b1ef38f4510fe5da3de3f3a
  React-RCTSettings: 2898e15b249b085f8b8c7401cfab71983a2d40da
  React-RCTText: bd1da1cd805e0765e3ba9089a9fd807d4860a901
  React-RCTVibration: 2a4bf853281d4981ab471509102300d3c9e6c693
  React-runtimeexecutor: 18932e685b4893be88d1efc18f5f8ca1c9cd39d8
  ReactCommon: 877ba412e796d454f58f764e421ef516d547aad1
  rn-fetch-blob: 7ec1ab5089e5bd08f5d4403b3ad06186cb19c4a2
  RNCAsyncStorage: 8b77ee488cbf644ac2335dbcd5fafd25d280ea13
  RNCClipboard: 4abb037e8fe3b98a952564c9e0474f91c492df6d
  RNCMaskedView: 4c5ee1c8667d56077246cc6d1977f77393923560
  RNCPushNotificationIOS: 6c4ca3388c7434e4a662b92e4dfeeee858e6f440
  RNGestureHandler: ebcfc6f109e042d53c0aaede2dc7ad836fb9534c
  RNReanimated: f6500d5385e5a78e838511a1c1b9cedc88ccfecc
  RNScreens: 0de8f71eb41623a2e72ab802f89d1ee2495eb57d
  RNSentry: a9d4aee8e4800022dd8c9d2a0906c013bc6bfbe1
  RNVectorIcons: 5784330be9dddb5474e8b378d5f6947996c84e55
  Sentry: f8374b5415bc38dfb5645941b3ae31230fbeae57
  Toast: 91b396c56ee72a5790816f40d3a94dd357abc196
  Yoga: 0bc4b37c3b8a345336ff601e2cf7d9704bab7e93

PODFILE CHECKSUM: d39dded3fcc8b59d0f0842e71bbf9a9953013410

COCOAPODS: 1.16.2
